// !$*UTF8*$!
{
	archiveVersion = 1;
	classes = {
	};
	objectVersion = 77;
	objects = {

/* Begin PBXContainerItemProxy section */
		8A79E9922D29BA86004B837F /* PBXContainerItemProxy */ = {
			isa = PBXContainerItemProxy;
			containerPortal = 8A79E9792D29BA84004B837F /* Project object */;
			proxyType = 1;
			remoteGlobalIDString = 8A79E9802D29BA84004B837F;
			remoteInfo = Generative;
		};
		8A79E99C2D29BA86004B837F /* PBXContainerItemProxy */ = {
			isa = PBXContainerItemProxy;
			containerPortal = 8A79E9792D29BA84004B837F /* Project object */;
			proxyType = 1;
			remoteGlobalIDString = 8A79E9802D29BA84004B837F;
			remoteInfo = Generative;
		};
/* End PBXContainerItemProxy section */

/* Begin PBXFileReference section */
		8A14719D2D2AB49E00085962 /* Color+rgb.swift */ = {isa = PBXFileReference; lastKnownFileType = sourcecode.swift; path = "Color+rgb.swift"; sourceTree = "<group>"; };
		8A79E9812D29BA84004B837F /* Generative.app */ = {isa = PBXFileReference; explicitFileType = wrapper.application; includeInIndex = 0; path = Generative.app; sourceTree = BUILT_PRODUCTS_DIR; };
		8A79E9912D29BA86004B837F /* GenerativeTests.xctest */ = {isa = PBXFileReference; explicitFileType = wrapper.cfbundle; includeInIndex = 0; path = GenerativeTests.xctest; sourceTree = BUILT_PRODUCTS_DIR; };
		8A79E99B2D29BA86004B837F /* GenerativeUITests.xctest */ = {isa = PBXFileReference; explicitFileType = wrapper.cfbundle; includeInIndex = 0; path = GenerativeUITests.xctest; sourceTree = BUILT_PRODUCTS_DIR; };
/* End PBXFileReference section */

/* Begin PBXFileSystemSynchronizedRootGroup section */
		8A79E9832D29BA84004B837F /* Generative */ = {
			isa = PBXFileSystemSynchronizedRootGroup;
			path = Generative;
			sourceTree = "<group>";
		};
		8A79E9942D29BA86004B837F /* GenerativeTests */ = {
			isa = PBXFileSystemSynchronizedRootGroup;
			path = GenerativeTests;
			sourceTree = "<group>";
		};
		8A79E99E2D29BA86004B837F /* GenerativeUITests */ = {
			isa = PBXFileSystemSynchronizedRootGroup;
			path = GenerativeUITests;
			sourceTree = "<group>";
		};
/* End PBXFileSystemSynchronizedRootGroup section */

/* Begin PBXFrameworksBuildPhase section */
		8A79E97E2D29BA84004B837F /* Frameworks */ = {
			isa = PBXFrameworksBuildPhase;
			buildActionMask = 2147483647;
			files = (
			);
			runOnlyForDeploymentPostprocessing = 0;
		};
		8A79E98E2D29BA86004B837F /* Frameworks */ = {
			isa = PBXFrameworksBuildPhase;
			buildActionMask = 2147483647;
			files = (
			);
			runOnlyForDeploymentPostprocessing = 0;
		};
		8A79E9982D29BA86004B837F /* Frameworks */ = {
			isa = PBXFrameworksBuildPhase;
			buildActionMask = 2147483647;
			files = (
			);
			runOnlyForDeploymentPostprocessing = 0;
		};
/* End PBXFrameworksBuildPhase section */

/* Begin PBXGroup section */
		8A14719C2D2AB48C00085962 /* Extensions */ = {
			isa = PBXGroup;
			children = (
				8A14719D2D2AB49E00085962 /* Color+rgb.swift */,
			);
			path = Extensions;
			sourceTree = "<group>";
		};
		8A79E9782D29BA84004B837F = {
			isa = PBXGroup;
			children = (
				8A14719C2D2AB48C00085962 /* Extensions */,
				8A79E9942D29BA86004B837F /* GenerativeTests */,
				8A79E99E2D29BA86004B837F /* GenerativeUITests */,
				8A79E9822D29BA84004B837F /* Products */,
				8A79E9832D29BA84004B837F /* Generative */,
			);
			sourceTree = "<group>";
		};
		8A79E9822D29BA84004B837F /* Products */ = {
			isa = PBXGroup;
			children = (
				8A79E9812D29BA84004B837F /* Generative.app */,
				8A79E9912D29BA86004B837F /* GenerativeTests.xctest */,
				8A79E99B2D29BA86004B837F /* GenerativeUITests.xctest */,
			);
			name = Products;
			sourceTree = "<group>";
		};
/* End PBXGroup section */

/* Begin PBXNativeTarget section */
		8A79E9802D29BA84004B837F /* Generative */ = {
			isa = PBXNativeTarget;
			buildConfigurationList = 8A79E9A52D29BA86004B837F /* Build configuration list for PBXNativeTarget "Generative" */;
			buildPhases = (
				8A79E97D2D29BA84004B837F /* Sources */,
				8A79E97E2D29BA84004B837F /* Frameworks */,
				8A79E97F2D29BA84004B837F /* Resources */,
			);
			buildRules = (
			);
			dependencies = (
			);
			fileSystemSynchronizedGroups = (
				8A79E9832D29BA84004B837F /* Generative */,
			);
			name = Generative;
			packageProductDependencies = (
			);
			productName = Generative;
			productReference = 8A79E9812D29BA84004B837F /* Generative.app */;
			productType = "com.apple.product-type.application";
		};
		8A79E9902D29BA86004B837F /* GenerativeTests */ = {
			isa = PBXNativeTarget;
			buildConfigurationList = 8A79E9A82D29BA86004B837F /* Build configuration list for PBXNativeTarget "GenerativeTests" */;
			buildPhases = (
				8A79E98D2D29BA86004B837F /* Sources */,
				8A79E98E2D29BA86004B837F /* Frameworks */,
				8A79E98F2D29BA86004B837F /* Resources */,
			);
			buildRules = (
			);
			dependencies = (
				8A79E9932D29BA86004B837F /* PBXTargetDependency */,
			);
			fileSystemSynchronizedGroups = (
				8A79E9942D29BA86004B837F /* GenerativeTests */,
			);
			name = GenerativeTests;
			packageProductDependencies = (
			);
			productName = GenerativeTests;
			productReference = 8A79E9912D29BA86004B837F /* GenerativeTests.xctest */;
			productType = "com.apple.product-type.bundle.unit-test";
		};
		8A79E99A2D29BA86004B837F /* GenerativeUITests */ = {
			isa = PBXNativeTarget;
			buildConfigurationList = 8A79E9AB2D29BA86004B837F /* Build configuration list for PBXNativeTarget "GenerativeUITests" */;
			buildPhases = (
				8A79E9972D29BA86004B837F /* Sources */,
				8A79E9982D29BA86004B837F /* Frameworks */,
				8A79E9992D29BA86004B837F /* Resources */,
			);
			buildRules = (
			);
			dependencies = (
				8A79E99D2D29BA86004B837F /* PBXTargetDependency */,
			);
			fileSystemSynchronizedGroups = (
				8A79E99E2D29BA86004B837F /* GenerativeUITests */,
			);
			name = GenerativeUITests;
			packageProductDependencies = (
			);
			productName = GenerativeUITests;
			productReference = 8A79E99B2D29BA86004B837F /* GenerativeUITests.xctest */;
			productType = "com.apple.product-type.bundle.ui-testing";
		};
/* End PBXNativeTarget section */

/* Begin PBXProject section */
		8A79E9792D29BA84004B837F /* Project object */ = {
			isa = PBXProject;
			attributes = {
				BuildIndependentTargetsInParallel = 1;
				LastSwiftUpdateCheck = 1620;
				LastUpgradeCheck = 1620;
				TargetAttributes = {
					8A79E9802D29BA84004B837F = {
						CreatedOnToolsVersion = 16.2;
					};
					8A79E9902D29BA86004B837F = {
						CreatedOnToolsVersion = 16.2;
						TestTargetID = 8A79E9802D29BA84004B837F;
					};
					8A79E99A2D29BA86004B837F = {
						CreatedOnToolsVersion = 16.2;
						TestTargetID = 8A79E9802D29BA84004B837F;
					};
				};
			};
			buildConfigurationList = 8A79E97C2D29BA84004B837F /* Build configuration list for PBXProject "Generative" */;
			developmentRegion = en;
			hasScannedForEncodings = 0;
			knownRegions = (
				en,
				Base,
			);
			mainGroup = 8A79E9782D29BA84004B837F;
			minimizedProjectReferenceProxies = 1;
			preferredProjectObjectVersion = 77;
			productRefGroup = 8A79E9822D29BA84004B837F /* Products */;
			projectDirPath = "";
			projectRoot = "";
			targets = (
				8A79E9802D29BA84004B837F /* Generative */,
				8A79E9902D29BA86004B837F /* GenerativeTests */,
				8A79E99A2D29BA86004B837F /* GenerativeUITests */,
			);
		};
/* End PBXProject section */

/* Begin PBXResourcesBuildPhase section */
		8A79E97F2D29BA84004B837F /* Resources */ = {
			isa = PBXResourcesBuildPhase;
			buildActionMask = 2147483647;
			files = (
			);
			runOnlyForDeploymentPostprocessing = 0;
		};
		8A79E98F2D29BA86004B837F /* Resources */ = {
			isa = PBXResourcesBuildPhase;
			buildActionMask = 2147483647;
			files = (
			);
			runOnlyForDeploymentPostprocessing = 0;
		};
		8A79E9992D29BA86004B837F /* Resources */ = {
			isa = PBXResourcesBuildPhase;
			buildActionMask = 2147483647;
			files = (
			);
			runOnlyForDeploymentPostprocessing = 0;
		};
/* End PBXResourcesBuildPhase section */

/* Begin PBXSourcesBuildPhase section */
		8A79E97D2D29BA84004B837F /* Sources */ = {
			isa = PBXSourcesBuildPhase;
			buildActionMask = 2147483647;
			files = (
			);
			runOnlyForDeploymentPostprocessing = 0;
		};
		8A79E98D2D29BA86004B837F /* Sources */ = {
			isa = PBXSourcesBuildPhase;
			buildActionMask = 2147483647;
			files = (
			);
			runOnlyForDeploymentPostprocessing = 0;
		};
		8A79E9972D29BA86004B837F /* Sources */ = {
			isa = PBXSourcesBuildPhase;
			buildActionMask = 2147483647;
			files = (
			);
			runOnlyForDeploymentPostprocessing = 0;
		};
/* End PBXSourcesBuildPhase section */

/* Begin PBXTargetDependency section */
		8A79E9932D29BA86004B837F /* PBXTargetDependency */ = {
			isa = PBXTargetDependency;
			target = 8A79E9802D29BA84004B837F /* Generative */;
			targetProxy = 8A79E9922D29BA86004B837F /* PBXContainerItemProxy */;
		};
		8A79E99D2D29BA86004B837F /* PBXTargetDependency */ = {
			isa = PBXTargetDependency;
			target = 8A79E9802D29BA84004B837F /* Generative */;
			targetProxy = 8A79E99C2D29BA86004B837F /* PBXContainerItemProxy */;
		};
/* End PBXTargetDependency section */

/* Begin XCBuildConfiguration section */
		8A79E9A32D29BA86004B837F /* Debug */ = {
			isa = XCBuildConfiguration;
			buildSettings = {
				ALWAYS_SEARCH_USER_PATHS = NO;
				ASSETCATALOG_COMPILER_GENERATE_SWIFT_ASSET_SYMBOL_EXTENSIONS = YES;
				CLANG_ANALYZER_NONNULL = YES;
				CLANG_ANALYZER_NUMBER_OBJECT_CONVERSION = YES_AGGRESSIVE;
				CLANG_CXX_LANGUAGE_STANDARD = "gnu++20";
				CLANG_ENABLE_MODULES = YES;
				CLANG_ENABLE_OBJC_ARC = YES;
				CLANG_ENABLE_OBJC_WEAK = YES;
				CLANG_WARN_BLOCK_CAPTURE_AUTORELEASING = YES;
				CLANG_WARN_BOOL_CONVERSION = YES;
				CLANG_WARN_COMMA = YES;
				CLANG_WARN_CONSTANT_CONVERSION = YES;
				CLANG_WARN_DEPRECATED_OBJC_IMPLEMENTATIONS = YES;
				CLANG_WARN_DIRECT_OBJC_ISA_USAGE = YES_ERROR;
				CLANG_WARN_DOCUMENTATION_COMMENTS = YES;
				CLANG_WARN_EMPTY_BODY = YES;
				CLANG_WARN_ENUM_CONVERSION = YES;
				CLANG_WARN_INFINITE_RECURSION = YES;
				CLANG_WARN_INT_CONVERSION = YES;
				CLANG_WARN_NON_LITERAL_NULL_CONVERSION = YES;
				CLANG_WARN_OBJC_IMPLICIT_RETAIN_SELF = YES;
				CLANG_WARN_OBJC_LITERAL_CONVERSION = YES;
				CLANG_WARN_OBJC_ROOT_CLASS = YES_ERROR;
				CLANG_WARN_QUOTED_INCLUDE_IN_FRAMEWORK_HEADER = YES;
				CLANG_WARN_RANGE_LOOP_ANALYSIS = YES;
				CLANG_WARN_STRICT_PROTOTYPES = YES;
				CLANG_WARN_SUSPICIOUS_MOVE = YES;
				CLANG_WARN_UNGUARDED_AVAILABILITY = YES_AGGRESSIVE;
				CLANG_WARN_UNREACHABLE_CODE = YES;
				CLANG_WARN__DUPLICATE_METHOD_MATCH = YES;
				COPY_PHASE_STRIP = NO;
				DEBUG_INFORMATION_FORMAT = dwarf;
				ENABLE_STRICT_OBJC_MSGSEND = YES;
				ENABLE_TESTABILITY = YES;
				ENABLE_USER_SCRIPT_SANDBOXING = YES;
				GCC_C_LANGUAGE_STANDARD = gnu17;
				GCC_DYNAMIC_NO_PIC = NO;
				GCC_NO_COMMON_BLOCKS = YES;
				GCC_OPTIMIZATION_LEVEL = 0;
				GCC_PREPROCESSOR_DEFINITIONS = (
					"DEBUG=1",
					"$(inherited)",
				);
				GCC_WARN_64_TO_32_BIT_CONVERSION = YES;
				GCC_WARN_ABOUT_RETURN_TYPE = YES_ERROR;
				GCC_WARN_UNDECLARED_SELECTOR = YES;
				GCC_WARN_UNINITIALIZED_AUTOS = YES_AGGRESSIVE;
				GCC_WARN_UNUSED_FUNCTION = YES;
				GCC_WARN_UNUSED_VARIABLE = YES;
				IPHONEOS_DEPLOYMENT_TARGET = 18.2;
				LOCALIZATION_PREFERS_STRING_CATALOGS = YES;
				MTL_ENABLE_DEBUG_INFO = INCLUDE_SOURCE;
				MTL_FAST_MATH = YES;
				ONLY_ACTIVE_ARCH = YES;
				SDKROOT = iphoneos;
				SWIFT_ACTIVE_COMPILATION_CONDITIONS = "DEBUG $(inherited)";
				SWIFT_OPTIMIZATION_LEVEL = "-Onone";
			};
			name = Debug;
		};
		8A79E9A42D29BA86004B837F /* Release */ = {
			isa = XCBuildConfiguration;
			buildSettings = {
				ALWAYS_SEARCH_USER_PATHS = NO;
				ASSETCATALOG_COMPILER_GENERATE_SWIFT_ASSET_SYMBOL_EXTENSIONS = YES;
				CLANG_ANALYZER_NONNULL = YES;
				CLANG_ANALYZER_NUMBER_OBJECT_CONVERSION = YES_AGGRESSIVE;
				CLANG_CXX_LANGUAGE_STANDARD = "gnu++20";
				CLANG_ENABLE_MODULES = YES;
				CLANG_ENABLE_OBJC_ARC = YES;
				CLANG_ENABLE_OBJC_WEAK = YES;
				CLANG_WARN_BLOCK_CAPTURE_AUTORELEASING = YES;
				CLANG_WARN_BOOL_CONVERSION = YES;
				CLANG_WARN_COMMA = YES;
				CLANG_WARN_CONSTANT_CONVERSION = YES;
				CLANG_WARN_DEPRECATED_OBJC_IMPLEMENTATIONS = YES;
				CLANG_WARN_DIRECT_OBJC_ISA_USAGE = YES_ERROR;
				CLANG_WARN_DOCUMENTATION_COMMENTS = YES;
				CLANG_WARN_EMPTY_BODY = YES;
				CLANG_WARN_ENUM_CONVERSION = YES;
				CLANG_WARN_INFINITE_RECURSION = YES;
				CLANG_WARN_INT_CONVERSION = YES;
				CLANG_WARN_NON_LITERAL_NULL_CONVERSION = YES;
				CLANG_WARN_OBJC_IMPLICIT_RETAIN_SELF = YES;
				CLANG_WARN_OBJC_LITERAL_CONVERSION = YES;
				CLANG_WARN_OBJC_ROOT_CLASS = YES_ERROR;
				CLANG_WARN_QUOTED_INCLUDE_IN_FRAMEWORK_HEADER = YES;
				CLANG_WARN_RANGE_LOOP_ANALYSIS = YES;
				CLANG_WARN_STRICT_PROTOTYPES = YES;
				CLANG_WARN_SUSPICIOUS_MOVE = YES;
				CLANG_WARN_UNGUARDED_AVAILABILITY = YES_AGGRESSIVE;
				CLANG_WARN_UNREACHABLE_CODE = YES;
				CLANG_WARN__DUPLICATE_METHOD_MATCH = YES;
				COPY_PHASE_STRIP = NO;
				DEBUG_INFORMATION_FORMAT = "dwarf-with-dsym";
				ENABLE_NS_ASSERTIONS = NO;
				ENABLE_STRICT_OBJC_MSGSEND = YES;
				ENABLE_USER_SCRIPT_SANDBOXING = YES;
				GCC_C_LANGUAGE_STANDARD = gnu17;
				GCC_NO_COMMON_BLOCKS = YES;
				GCC_WARN_64_TO_32_BIT_CONVERSION = YES;
				GCC_WARN_ABOUT_RETURN_TYPE = YES_ERROR;
				GCC_WARN_UNDECLARED_SELECTOR = YES;
				GCC_WARN_UNINITIALIZED_AUTOS = YES_AGGRESSIVE;
				GCC_WARN_UNUSED_FUNCTION = YES;
				GCC_WARN_UNUSED_VARIABLE = YES;
				IPHONEOS_DEPLOYMENT_TARGET = 18.2;
				LOCALIZATION_PREFERS_STRING_CATALOGS = YES;
				MTL_ENABLE_DEBUG_INFO = NO;
				MTL_FAST_MATH = YES;
				SDKROOT = iphoneos;
				SWIFT_COMPILATION_MODE = wholemodule;
				VALIDATE_PRODUCT = YES;
			};
			name = Release;
		};
		8A79E9A62D29BA86004B837F /* Debug */ = {
			isa = XCBuildConfiguration;
			buildSettings = {
				ASSETCATALOG_COMPILER_APPICON_NAME = AppIcon;
				ASSETCATALOG_COMPILER_GLOBAL_ACCENT_COLOR_NAME = AccentColor;
				CODE_SIGN_STYLE = Automatic;
				CURRENT_PROJECT_VERSION = 1;
				DEVELOPMENT_ASSET_PATHS = "\"Generative/Preview Content\"";
				DEVELOPMENT_TEAM = STQVQUKQJM;
				ENABLE_PREVIEWS = YES;
				GENERATE_INFOPLIST_FILE = YES;
				INFOPLIST_KEY_UIApplicationSceneManifest_Generation = YES;
				INFOPLIST_KEY_UIApplicationSupportsIndirectInputEvents = YES;
				INFOPLIST_KEY_UILaunchScreen_Generation = YES;
				INFOPLIST_KEY_UISupportedInterfaceOrientations_iPad = "UIInterfaceOrientationPortrait UIInterfaceOrientationPortraitUpsideDown UIInterfaceOrientationLandscapeLeft UIInterfaceOrientationLandscapeRight";
				INFOPLIST_KEY_UISupportedInterfaceOrientations_iPhone = "UIInterfaceOrientationPortrait UIInterfaceOrientationLandscapeLeft UIInterfaceOrientationLandscapeRight";
				LD_RUNPATH_SEARCH_PATHS = (
					"$(inherited)",
					"@executable_path/Frameworks",
				);
				MARKETING_VERSION = 1.0;
				PRODUCT_BUNDLE_IDENTIFIER = studio.skipper.Generative;
				PRODUCT_NAME = "$(TARGET_NAME)";
				SWIFT_EMIT_LOC_STRINGS = YES;
				SWIFT_VERSION = 5.0;
				TARGETED_DEVICE_FAMILY = "1,2";
			};
			name = Debug;
		};
		8A79E9A72D29BA86004B837F /* Release */ = {
			isa = XCBuildConfiguration;
			buildSettings = {
				ASSETCATALOG_COMPILER_APPICON_NAME = AppIcon;
				ASSETCATALOG_COMPILER_GLOBAL_ACCENT_COLOR_NAME = AccentColor;
				CODE_SIGN_STYLE = Automatic;
				CURRENT_PROJECT_VERSION = 1;
				DEVELOPMENT_ASSET_PATHS = "\"Generative/Preview Content\"";
				DEVELOPMENT_TEAM = STQVQUKQJM;
				ENABLE_PREVIEWS = YES;
				GENERATE_INFOPLIST_FILE = YES;
				INFOPLIST_KEY_UIApplicationSceneManifest_Generation = YES;
				INFOPLIST_KEY_UIApplicationSupportsIndirectInputEvents = YES;
				INFOPLIST_KEY_UILaunchScreen_Generation = YES;
				INFOPLIST_KEY_UISupportedInterfaceOrientations_iPad = "UIInterfaceOrientationPortrait UIInterfaceOrientationPortraitUpsideDown UIInterfaceOrientationLandscapeLeft UIInterfaceOrientationLandscapeRight";
				INFOPLIST_KEY_UISupportedInterfaceOrientations_iPhone = "UIInterfaceOrientationPortrait UIInterfaceOrientationLandscapeLeft UIInterfaceOrientationLandscapeRight";
				LD_RUNPATH_SEARCH_PATHS = (
					"$(inherited)",
					"@executable_path/Frameworks",
				);
				MARKETING_VERSION = 1.0;
				PRODUCT_BUNDLE_IDENTIFIER = studio.skipper.Generative;
				PRODUCT_NAME = "$(TARGET_NAME)";
				SWIFT_EMIT_LOC_STRINGS = YES;
				SWIFT_VERSION = 5.0;
				TARGETED_DEVICE_FAMILY = "1,2";
			};
			name = Release;
		};
		8A79E9A92D29BA86004B837F /* Debug */ = {
			isa = XCBuildConfiguration;
			buildSettings = {
				BUNDLE_LOADER = "$(TEST_HOST)";
				CODE_SIGN_STYLE = Automatic;
				CURRENT_PROJECT_VERSION = 1;
				DEVELOPMENT_TEAM = STQVQUKQJM;
				GENERATE_INFOPLIST_FILE = YES;
				IPHONEOS_DEPLOYMENT_TARGET = 18.2;
				MARKETING_VERSION = 1.0;
				PRODUCT_BUNDLE_IDENTIFIER = studio.skipper.GenerativeTests;
				PRODUCT_NAME = "$(TARGET_NAME)";
				SWIFT_EMIT_LOC_STRINGS = NO;
				SWIFT_VERSION = 5.0;
				TARGETED_DEVICE_FAMILY = "1,2";
				TEST_HOST = "$(BUILT_PRODUCTS_DIR)/Generative.app/$(BUNDLE_EXECUTABLE_FOLDER_PATH)/Generative";
			};
			name = Debug;
		};
		8A79E9AA2D29BA86004B837F /* Release */ = {
			isa = XCBuildConfiguration;
			buildSettings = {
				BUNDLE_LOADER = "$(TEST_HOST)";
				CODE_SIGN_STYLE = Automatic;
				CURRENT_PROJECT_VERSION = 1;
				DEVELOPMENT_TEAM = STQVQUKQJM;
				GENERATE_INFOPLIST_FILE = YES;
				IPHONEOS_DEPLOYMENT_TARGET = 18.2;
				MARKETING_VERSION = 1.0;
				PRODUCT_BUNDLE_IDENTIFIER = studio.skipper.GenerativeTests;
				PRODUCT_NAME = "$(TARGET_NAME)";
				SWIFT_EMIT_LOC_STRINGS = NO;
				SWIFT_VERSION = 5.0;
				TARGETED_DEVICE_FAMILY = "1,2";
				TEST_HOST = "$(BUILT_PRODUCTS_DIR)/Generative.app/$(BUNDLE_EXECUTABLE_FOLDER_PATH)/Generative";
			};
			name = Release;
		};
		8A79E9AC2D29BA86004B837F /* Debug */ = {
			isa = XCBuildConfiguration;
			buildSettings = {
				CODE_SIGN_STYLE = Automatic;
				CURRENT_PROJECT_VERSION = 1;
				DEVELOPMENT_TEAM = STQVQUKQJM;
				GENERATE_INFOPLIST_FILE = YES;
				MARKETING_VERSION = 1.0;
				PRODUCT_BUNDLE_IDENTIFIER = studio.skipper.GenerativeUITests;
				PRODUCT_NAME = "$(TARGET_NAME)";
				SWIFT_EMIT_LOC_STRINGS = NO;
				SWIFT_VERSION = 5.0;
				TARGETED_DEVICE_FAMILY = "1,2";
				TEST_TARGET_NAME = Generative;
			};
			name = Debug;
		};
		8A79E9AD2D29BA86004B837F /* Release */ = {
			isa = XCBuildConfiguration;
			buildSettings = {
				CODE_SIGN_STYLE = Automatic;
				CURRENT_PROJECT_VERSION = 1;
				DEVELOPMENT_TEAM = STQVQUKQJM;
				GENERATE_INFOPLIST_FILE = YES;
				MARKETING_VERSION = 1.0;
				PRODUCT_BUNDLE_IDENTIFIER = studio.skipper.GenerativeUITests;
				PRODUCT_NAME = "$(TARGET_NAME)";
				SWIFT_EMIT_LOC_STRINGS = NO;
				SWIFT_VERSION = 5.0;
				TARGETED_DEVICE_FAMILY = "1,2";
				TEST_TARGET_NAME = Generative;
			};
			name = Release;
		};
/* End XCBuildConfiguration section */

/* Begin XCConfigurationList section */
		8A79E97C2D29BA84004B837F /* Build configuration list for PBXProject "Generative" */ = {
			isa = XCConfigurationList;
			buildConfigurations = (
				8A79E9A32D29BA86004B837F /* Debug */,
				8A79E9A42D29BA86004B837F /* Release */,
			);
			defaultConfigurationIsVisible = 0;
			defaultConfigurationName = Release;
		};
		8A79E9A52D29BA86004B837F /* Build configuration list for PBXNativeTarget "Generative" */ = {
			isa = XCConfigurationList;
			buildConfigurations = (
				8A79E9A62D29BA86004B837F /* Debug */,
				8A79E9A72D29BA86004B837F /* Release */,
			);
			defaultConfigurationIsVisible = 0;
			defaultConfigurationName = Release;
		};
		8A79E9A82D29BA86004B837F /* Build configuration list for PBXNativeTarget "GenerativeTests" */ = {
			isa = XCConfigurationList;
			buildConfigurations = (
				8A79E9A92D29BA86004B837F /* Debug */,
				8A79E9AA2D29BA86004B837F /* Release */,
			);
			defaultConfigurationIsVisible = 0;
			defaultConfigurationName = Release;
		};
		8A79E9AB2D29BA86004B837F /* Build configuration list for PBXNativeTarget "GenerativeUITests" */ = {
			isa = XCConfigurationList;
			buildConfigurations = (
				8A79E9AC2D29BA86004B837F /* Debug */,
				8A79E9AD2D29BA86004B837F /* Release */,
			);
			defaultConfigurationIsVisible = 0;
			defaultConfigurationName = Release;
		};
/* End XCConfigurationList section */
	};
	rootObject = 8A79E9792D29BA84004B837F /* Project object */;
}
